<?xml version="1.0" encoding="utf-8"?>
<Project ToolsVersion="4.0" xmlns="http://schemas.microsoft.com/developer/msbuild/2003">
  <ItemGroup>
    <Filter Include="Source Files">
      <UniqueIdentifier>{4FC737F1-C7A5-4376-A066-2A32D752A2FF}</UniqueIdentifier>
      <Extensions>cpp;c;cc;cxx;def;odl;idl;hpj;bat;asm;asmx</Extensions>
    </Filter>
    <Filter Include="Header Files">
      <UniqueIdentifier>{93995380-89BD-4b04-88EB-625FBE52EBFB}</UniqueIdentifier>
      <Extensions>h;hh;hpp;hxx;hm;inl;inc;xsd</Extensions>
    </Filter>
    <Filter Include="Resource Files">
      <UniqueIdentifier>{67DA6AB6-F800-4c08-8B7A-83BB121AAD01}</UniqueIdentifier>
      <Extensions>rc;ico;cur;bmp;dlg;rc2;rct;bin;rgs;gif;jpg;jpeg;jpe;resx;tiff;tif;png;wav;mfcribbon-ms</Extensions>
    </Filter>
    <Filter Include="Shaders">
      <UniqueIdentifier>{b86542ff-74a8-43be-8801-208f8725c59b}</UniqueIdentifier>
    </Filter>
    <Filter Include="Configuration">
      <UniqueIdentifier>{0b9730de-6c7c-4dec-bd37-715d68b26b9c}</UniqueIdentifier>
    </Filter>
  </ItemGroup>
  <ItemGroup>
    <ClCompile Include="source\Shader.cpp">
      <Filter>Source Files</Filter>
    </ClCompile>
    <ClCompile Include="source\Material.cpp">
      <Filter>Source Files</Filter>
    </ClCompile>
    <ClCompile Include="source\Mesh.cpp">
      <Filter>Source Files</Filter>
    </ClCompile>
    <ClCompile Include="source\Light.cpp">
      <Filter>Source Files</Filter>
    </ClCompile>
    <ClCompile Include="source\Camera.cpp">
      <Filter>Source Files</Filter>
    </ClCompile>
    <ClCompile Include="source\Input.cpp">
      <Filter>Source Files</Filter>
    </ClCompile>
    <ClCompile Include="source\Transform.cpp">
      <Filter>Source Files</Filter>
    </ClCompile>
    <ClCompile Include="source\Component.cpp">
      <Filter>Source Files</Filter>
    </ClCompile>
    <ClCompile Include="source\Renderer.cpp">
      <Filter>Source Files</Filter>
    </ClCompile>
    <ClCompile Include="source\Framebuffer.cpp">
      <Filter>Source Files</Filter>
    </ClCompile>
    <ClCompile Include="source\Texture.cpp">
      <Filter>Source Files</Filter>
    </ClCompile>
    <ClCompile Include="source\Util.cpp">
      <Filter>Source Files</Filter>
    </ClCompile>
    <ClCompile Include="source\Main.cpp">
      <Filter>Source Files</Filter>
    </ClCompile>
    <ClCompile Include="source\GameObject.cpp">
      <Filter>Source Files</Filter>
    </ClCompile>
    <ClCompile Include="source\Skybox.cpp">
      <Filter>Source Files</Filter>
    </ClCompile>
    <ClCompile Include="source\Animation.cpp">
      <Filter>Source Files</Filter>
    </ClCompile>
    <ClCompile Include="source\Timer.cpp">
      <Filter>Source Files</Filter>
    </ClCompile>
    <ClCompile Include="source\GPUEmitter.cpp">
      <Filter>Source Files</Filter>
    </ClCompile>
    <ClCompile Include="source\ObjectLoader.cpp">
      <Filter>Source Files</Filter>
    </ClCompile>
    <ClCompile Include="source\ForwardPass.cpp">
      <Filter>Source Files</Filter>
    </ClCompile>
    <ClCompile Include="source\ParticleTrail.cpp">
      <Filter>Source Files</Filter>
    </ClCompile>
    <ClCompile Include="source\BoxCollider.cpp">
      <Filter>Source Files</Filter>
    </ClCompile>
    <ClCompile Include="source\Sound.cpp">
      <Filter>Source Files</Filter>
    </ClCompile>
    <ClCompile Include="source\FileWatcher.cpp">
      <Filter>Source Files</Filter>
    </ClCompile>
    <ClCompile Include="source\ThreadPool.cpp">
      <Filter>Source Files</Filter>
    </ClCompile>
    <ClCompile Include="source\BloomPass.cpp">
      <Filter>Source Files</Filter>
    </ClCompile>
    <ClCompile Include="source\DeferredPass.cpp">
      <Filter>Source Files</Filter>
    </ClCompile>
    <ClCompile Include="source\Config.cpp">
      <Filter>Source Files</Filter>
    </ClCompile>
    <ClCompile Include="source\SSAO.cpp">
      <Filter>Source Files</Filter>
    </ClCompile>
    <ClCompile Include="source\ClientNetwork.cpp">
      <Filter>Source Files</Filter>
    </ClCompile>
    <ClCompile Include="source\NetworkUtility.cpp">
      <Filter>Source Files</Filter>
    </ClCompile>
    <ClCompile Include="source\ServerNetwork.cpp">
      <Filter>Source Files</Filter>
    </ClCompile>
    <ClCompile Include="source\ClientManager.cpp">
      <Filter>Source Files</Filter>
    </ClCompile>
    <ClCompile Include="source\ServerManager.cpp">
      <Filter>Source Files</Filter>
    </ClCompile>
    <ClCompile Include="source\ServerInput.cpp">
      <Filter>Source Files</Filter>
    </ClCompile>
    <ClCompile Include="source\NetworkStruct.cpp">
      <Filter>Source Files</Filter>
    </ClCompile>
    <ClCompile Include="source\CollisionInfo.cpp">
      <Filter>Source Files</Filter>
    </ClCompile>
    <ClCompile Include="source\Octree.cpp">
      <Filter>Source Files</Filter>
    </ClCompile>
    <ClCompile Include="source\OctreeNode.cpp">
      <Filter>Source Files</Filter>
    </ClCompile>
  </ItemGroup>
  <ItemGroup>
    <ClInclude Include="source\include\Camera.h">
      <Filter>Header Files</Filter>
    </ClInclude>
    <ClInclude Include="source\include\Component.h">
      <Filter>Header Files</Filter>
    </ClInclude>
    <ClInclude Include="source\include\Framebuffer.h">
      <Filter>Header Files</Filter>
    </ClInclude>
    <ClInclude Include="source\include\Input.h">
      <Filter>Header Files</Filter>
    </ClInclude>
    <ClInclude Include="source\include\Light.h">
      <Filter>Header Files</Filter>
    </ClInclude>
    <ClInclude Include="source\include\Material.h">
      <Filter>Header Files</Filter>
    </ClInclude>
    <ClInclude Include="source\include\Mesh.h">
      <Filter>Header Files</Filter>
    </ClInclude>
    <ClInclude Include="source\include\Renderer.h">
      <Filter>Header Files</Filter>
    </ClInclude>
    <ClInclude Include="source\include\Texture.h">
      <Filter>Header Files</Filter>
    </ClInclude>
    <ClInclude Include="source\include\Transform.h">
      <Filter>Header Files</Filter>
    </ClInclude>
    <ClInclude Include="source\include\Shader.h">
      <Filter>Header Files</Filter>
    </ClInclude>
    <ClInclude Include="source\include\ForwardDecs.h">
      <Filter>Header Files</Filter>
    </ClInclude>
    <ClInclude Include="source\include\GameObject.h">
      <Filter>Header Files</Filter>
    </ClInclude>
    <ClInclude Include="source\include\Skybox.h">
      <Filter>Header Files</Filter>
    </ClInclude>
    <ClInclude Include="source\include\Animation.h">
      <Filter>Header Files</Filter>
    </ClInclude>
    <ClInclude Include="source\include\RenderPass.h">
      <Filter>Header Files</Filter>
    </ClInclude>
    <ClInclude Include="source\include\Timer.h">
      <Filter>Header Files</Filter>
    </ClInclude>
    <ClInclude Include="source\include\GPUEmitter.h">
      <Filter>Header Files</Filter>
    </ClInclude>
    <ClInclude Include="source\include\ObjectLoader.h">
      <Filter>Header Files</Filter>
    </ClInclude>
    <ClInclude Include="source\include\ParticleTrail.h">
      <Filter>Header Files</Filter>
    </ClInclude>
    <ClInclude Include="source\include\BoxCollider.h">
      <Filter>Header Files</Filter>
    </ClInclude>
    <ClInclude Include="source\include\Sound.h">
      <Filter>Header Files</Filter>
    </ClInclude>
    <ClInclude Include="source\include\FileWatcher.h">
      <Filter>Header Files</Filter>
    </ClInclude>
    <ClInclude Include="source\include\ThreadPool.h">
      <Filter>Header Files</Filter>
    </ClInclude>
    <ClInclude Include="source\include\Config.h">
      <Filter>Header Files</Filter>
    </ClInclude>
    <ClInclude Include="source\include\ClientNetwork.h">
      <Filter>Header Files</Filter>
    </ClInclude>
    <ClInclude Include="source\include\NetworkUtility.h">
      <Filter>Header Files</Filter>
    </ClInclude>
    <ClInclude Include="source\include\ServerNetwork.h">
      <Filter>Header Files</Filter>
    </ClInclude>
    <ClInclude Include="source\include\ClientManager.h">
      <Filter>Header Files</Filter>
    </ClInclude>
    <ClInclude Include="source\include\ServerManager.h">
      <Filter>Header Files</Filter>
    </ClInclude>
    <ClInclude Include="source\include\ServerInput.h">
      <Filter>Header Files</Filter>
    </ClInclude>
    <ClInclude Include="source\include\NetworkStruct.h">
      <Filter>Header Files</Filter>
    </ClInclude>
    <ClInclude Include="source\include\Collision.h">
      <Filter>Header Files</Filter>
    </ClInclude>
    <ClInclude Include="source\include\CapsuleCollider.h">
      <Filter>Header Files</Filter>
    </ClInclude>
    <ClInclude Include="source\include\SphereCollider.h">
      <Filter>Header Files</Filter>
    </ClInclude>
    <ClInclude Include="source\include\Collider.h">
      <Filter>Header Files</Filter>
    </ClInclude>
  </ItemGroup>
  <ItemGroup>
    <None Include="..\shaders\deferred_gbuffer.frag">
      <Filter>Shaders</Filter>
    </None>
    <None Include="..\shaders\deferred_lighting.frag">
      <Filter>Shaders</Filter>
    </None>
    <None Include="..\shaders\deferred_lighting.vert">
      <Filter>Shaders</Filter>
    </None>
    <None Include="..\shaders\emissive.frag">
      <Filter>Shaders</Filter>
    </None>
    <None Include="..\shaders\fbo.vert">
      <Filter>Shaders</Filter>
    </None>
    <None Include="..\shaders\fbo_blur.frag">
      <Filter>Shaders</Filter>
    </None>
    <None Include="..\shaders\fbo_hdr.frag">
      <Filter>Shaders</Filter>
    </None>
    <None Include="..\shaders\fbo_pass.frag">
      <Filter>Shaders</Filter>
    </None>
    <None Include="..\shaders\forward_pbr.frag">
      <Filter>Shaders</Filter>
    </None>
    <None Include="..\shaders\forward_pbr.vert">
      <Filter>Shaders</Filter>
    </None>
    <None Include="..\shaders\forward_pbr_skeletal.vert">
      <Filter>Shaders</Filter>
    </None>
    <None Include="..\shaders\forward_unlit.frag">
      <Filter>Shaders</Filter>
    </None>
    <None Include="..\shaders\gpu_particle.frag">
      <Filter>Shaders</Filter>
    </None>
    <None Include="..\shaders\gpu_particle.vert">
      <Filter>Shaders</Filter>
    </None>
    <None Include="..\shaders\gpu_particle_burst.vert">
      <Filter>Shaders</Filter>
    </None>
    <None Include="..\shaders\lighting.glsl">
      <Filter>Shaders</Filter>
    </None>
    <None Include="..\shaders\particle_trail.frag">
      <Filter>Shaders</Filter>
    </None>
    <None Include="..\shaders\particle_trail.vert">
      <Filter>Shaders</Filter>
    </None>
    <None Include="..\shaders\shadow.frag">
      <Filter>Shaders</Filter>
    </None>
    <None Include="..\shaders\simple.frag">
      <Filter>Shaders</Filter>
    </None>
    <None Include="..\shaders\simple.vert">
      <Filter>Shaders</Filter>
    </None>
    <None Include="..\shaders\skybox.frag">
      <Filter>Shaders</Filter>
    </None>
    <None Include="..\shaders\skybox.vert">
      <Filter>Shaders</Filter>
    </None>
    <None Include="..\shaders\ssao.frag">
      <Filter>Shaders</Filter>
    </None>
    <None Include="..\shaders\ssao_blur.frag">
      <Filter>Shaders</Filter>
    </None>
  </ItemGroup>
</Project>
  <ItemGroup>
    <Text Include="..\config\options.ini">
      <Filter>Configuration</Filter>
    </Text>
  </ItemGroup>
</Project>
